
Microsoft Visual Studio Solution File, Format Version 11.00
# Visual Studio 2010
# SharpDevelop 5.1
Project("{FAE04EC0-301F-11D3-BF4B-00C04F79EFBC}") = "Prime Numbers Generation", "Prime Numbers Generation\Prime Numbers Generation.csproj", "{4EF7888E-69A0-46BF-8206-BED26205FC97}"
EndProject
Global
	GlobalSection(SolutionConfigurationPlatforms) = preSolution
		Debug|Any CPU = Debug|Any CPU
		Release|Any CPU = Release|Any CPU
	EndGlobalSection
	GlobalSection(ProjectConfigurationPlatforms) = postSolution
		{4EF7888E-69A0-46BF-8206-BED26205FC97}.Debug|Any CPU.ActiveCfg = Debug|Any CPU
		{4EF7888E-69A0-46BF-8206-BED26205FC97}.Debug|Any CPU.Build.0 = Debug|Any CPU
		{4EF7888E-69A0-46BF-8206-BED26205FC97}.Release|Any CPU.ActiveCfg = Release|Any CPU
		{4EF7888E-69A0-46BF-8206-BED26205FC97}.Release|Any CPU.Build.0 = Release|Any CPU
	EndGlobalSection
EndGlobal
